
Microsoft Visual Studio Solution File, Format Version 12.00
# Visual Studio Version 16
VisualStudioVersion = 16.0.30907.101
MinimumVisualStudioVersion = 10.0.40219.1
Project("{FAE04EC0-301F-11D3-BF4B-00C04F79EFBC}") = "student Ragistration", "student Ragistration\student Ragistration.csproj", "{ABBF1C07-6C48-4D0C-B5CA-02D7C997023F}"
EndProject
Global
	GlobalSection(SolutionConfigurationPlatforms) = preSolution
		Debug|Any CPU = Debug|Any CPU
		Release|Any CPU = Release|Any CPU
	EndGlobalSection
	GlobalSection(ProjectConfigurationPlatforms) = postSolution
		{ABBF1C07-6C48-4D0C-B5CA-02D7C997023F}.Debug|Any CPU.ActiveCfg = Debug|Any CPU
		{ABBF1C07-6C48-4D0C-B5CA-02D7C997023F}.Debug|Any CPU.Build.0 = Debug|Any CPU
		{ABBF1C07-6C48-4D0C-B5CA-02D7C997023F}.Release|Any CPU.ActiveCfg = Release|Any CPU
		{ABBF1C07-6C48-4D0C-B5CA-02D7C997023F}.Release|Any CPU.Build.0 = Release|Any CPU
	EndGlobalSection
	GlobalSection(SolutionProperties) = preSolution
		HideSolutionNode = FALSE
	EndGlobalSection
	GlobalSection(ExtensibilityGlobals) = postSolution
		SolutionGuid = {D7D5603B-0714-4BEC-9534-90DDD5600247}
	EndGlobalSection
EndGlobal
